
Microsoft Visual Studio Solution File, Format Version 12.00
# Visual Studio 15
VisualStudioVersion = 15.0.26228.9
MinimumVisualStudioVersion = 10.0.40219.1
Project("{8BC9CEB8-8B4A-11D0-8D11-00A0C91BC942}") = "PseudoTcp", "PseudoTcp.vcxproj", "{65D07184-4C02-413E-ACC5-D35AFFBF37BF}"
EndProject
Global
	GlobalSection(SolutionConfigurationPlatforms) = preSolution
		Debug|x64 = Debug|x64
		Debug|x86 = Debug|x86
		Release|x64 = Release|x64
		Release|x86 = Release|x86
	EndGlobalSection
	GlobalSection(ProjectConfigurationPlatforms) = postSolution
		{65D07184-4C02-413E-ACC5-D35AFFBF37BF}.Debug|x64.ActiveCfg = Debug|x64
		{65D07184-4C02-413E-ACC5-D35AFFBF37BF}.Debug|x64.Build.0 = Debug|x64
		{65D07184-4C02-413E-ACC5-D35AFFBF37BF}.Debug|x86.ActiveCfg = Debug|Win32
		{65D07184-4C02-413E-ACC5-D35AFFBF37BF}.Debug|x86.Build.0 = Debug|Win32
		{65D07184-4C02-413E-ACC5-D35AFFBF37BF}.Release|x64.ActiveCfg = Release|x64
		{65D07184-4C02-413E-ACC5-D35AFFBF37BF}.Release|x64.Build.0 = Release|x64
		{65D07184-4C02-413E-ACC5-D35AFFBF37BF}.Release|x86.ActiveCfg = Release|Win32
		{65D07184-4C02-413E-ACC5-D35AFFBF37BF}.Release|x86.Build.0 = Release|Win32
	EndGlobalSection
	GlobalSection(SolutionProperties) = preSolution
		HideSolutionNode = FALSE
	EndGlobalSection
	GlobalSection(ExtensibilityGlobals) = postSolution
		SolutionGuid = {21D67112-32C4-42A2-BE5F-3D1AD23A33AE}
	EndGlobalSection
EndGlobal
