
Microsoft Visual Studio Solution File, Format Version 12.00
# Visual Studio 15
VisualStudioVersion = 15.0.26228.9
MinimumVisualStudioVersion = 10.0.40219.1
Project("{8BC9CEB8-8B4A-11D0-8D11-00A0C91BC942}") = "SQLiteExample", "SQLiteExample.vcxproj", "{DFDBB478-FD13-489F-8A80-04AC89836145}"
EndProject
Global
	GlobalSection(SolutionConfigurationPlatforms) = preSolution
		Debug|x64 = Debug|x64
		Debug|x86 = Debug|x86
		Release|x64 = Release|x64
		Release|x86 = Release|x86
	EndGlobalSection
	GlobalSection(ProjectConfigurationPlatforms) = postSolution
		{DFDBB478-FD13-489F-8A80-04AC89836145}.Debug|x64.ActiveCfg = Debug|x64
		{DFDBB478-FD13-489F-8A80-04AC89836145}.Debug|x64.Build.0 = Debug|x64
		{DFDBB478-FD13-489F-8A80-04AC89836145}.Debug|x86.ActiveCfg = Debug|Win32
		{DFDBB478-FD13-489F-8A80-04AC89836145}.Debug|x86.Build.0 = Debug|Win32
		{DFDBB478-FD13-489F-8A80-04AC89836145}.Release|x64.ActiveCfg = Release|x64
		{DFDBB478-FD13-489F-8A80-04AC89836145}.Release|x64.Build.0 = Release|x64
		{DFDBB478-FD13-489F-8A80-04AC89836145}.Release|x86.ActiveCfg = Release|Win32
		{DFDBB478-FD13-489F-8A80-04AC89836145}.Release|x86.Build.0 = Release|Win32
	EndGlobalSection
	GlobalSection(SolutionProperties) = preSolution
		HideSolutionNode = FALSE
	EndGlobalSection
	GlobalSection(ExtensibilityGlobals) = postSolution
		SolutionGuid = {15B32AE3-E17C-431A-A71E-A87189BE1C7B}
	EndGlobalSection
EndGlobal
